// !$*UTF8*$!
{
	archiveVersion = 1;
	classes = {
	};
	objectVersion = 56;
	objects = {

/* Begin PBXBuildFile section */
		A0407C8A2B86BAFB000751BF /* RealityKitContent in Frameworks */ = {isa = PBXBuildFile; productRef = A0407C892B86BAFB000751BF /* RealityKitContent */; };
		A0407C8C2B86BAFB000751BF /* vitals_test_displayApp.swift in Sources */ = {isa = PBXBuildFile; fileRef = A0407C8B2B86BAFB000751BF /* vitals_test_displayApp.swift */; };
		A0407C8E2B86BAFB000751BF /* ContentView.swift in Sources */ = {isa = PBXBuildFile; fileRef = A0407C8D2B86BAFB000751BF /* ContentView.swift */; };
		A0407C902B86BAFD000751BF /* Assets.xcassets in Resources */ = {isa = PBXBuildFile; fileRef = A0407C8F2B86BAFD000751BF /* Assets.xcassets */; };
		A0407C932B86BAFD000751BF /* Preview Assets.xcassets in Resources */ = {isa = PBXBuildFile; fileRef = A0407C922B86BAFD000751BF /* Preview Assets.xcassets */; };
		A0F29D872BA19F0C00E52F4D /* SideView.swift in Sources */ = {isa = PBXBuildFile; fileRef = A0F29D862BA19F0C00E52F4D /* SideView.swift */; };
		A0F29D892BA1A23200E52F4D /* global_params.swift in Sources */ = {isa = PBXBuildFile; fileRef = A0F29D882BA1A23200E52F4D /* global_params.swift */; };
		A0F29D8D2BA2229E00E52F4D /* 🥽AppModel.swift in Sources */ = {isa = PBXBuildFile; fileRef = A0F29D8C2BA2229E00E52F4D /* 🥽AppModel.swift */; };
		A0F29D8F2BA222A400E52F4D /* 🌐RealityView.swift in Sources */ = {isa = PBXBuildFile; fileRef = A0F29D8E2BA222A400E52F4D /* 🌐RealityView.swift */; };
		A0F29D912BA222A900E52F4D /* 🧑HeadTrackingSystem.swift in Sources */ = {isa = PBXBuildFile; fileRef = A0F29D902BA222A900E52F4D /* 🧑HeadTrackingSystem.swift */; };
		A0F29D932BA222AD00E52F4D /* 🧩Entity.swift in Sources */ = {isa = PBXBuildFile; fileRef = A0F29D922BA222AD00E52F4D /* 🧩Entity.swift */; };
		A0F29D952BA222F100E52F4D /* 🛠️AboutPanel.swift in Sources */ = {isa = PBXBuildFile; fileRef = A0F29D942BA222F100E52F4D /* 🛠️AboutPanel.swift */; };
		A0F29D972BA222F400E52F4D /* 🛠️MenuTop.swift in Sources */ = {isa = PBXBuildFile; fileRef = A0F29D962BA222F400E52F4D /* 🛠️MenuTop.swift */; };
/* End PBXBuildFile section */

/* Begin PBXFileReference section */
		A0407C842B86BAFB000751BF /* vitals-test-display.app */ = {isa = PBXFileReference; explicitFileType = wrapper.application; includeInIndex = 0; path = "vitals-test-display.app"; sourceTree = BUILT_PRODUCTS_DIR; };
		A0407C882B86BAFB000751BF /* RealityKitContent */ = {isa = PBXFileReference; lastKnownFileType = wrapper; path = RealityKitContent; sourceTree = "<group>"; };
		A0407C8B2B86BAFB000751BF /* vitals_test_displayApp.swift */ = {isa = PBXFileReference; lastKnownFileType = sourcecode.swift; path = vitals_test_displayApp.swift; sourceTree = "<group>"; };
		A0407C8D2B86BAFB000751BF /* ContentView.swift */ = {isa = PBXFileReference; lastKnownFileType = sourcecode.swift; path = ContentView.swift; sourceTree = "<group>"; };
		A0407C8F2B86BAFD000751BF /* Assets.xcassets */ = {isa = PBXFileReference; lastKnownFileType = folder.assetcatalog; path = Assets.xcassets; sourceTree = "<group>"; };
		A0407C922B86BAFD000751BF /* Preview Assets.xcassets */ = {isa = PBXFileReference; lastKnownFileType = folder.assetcatalog; path = "Preview Assets.xcassets"; sourceTree = "<group>"; };
		A0407C942B86BAFD000751BF /* Info.plist */ = {isa = PBXFileReference; lastKnownFileType = text.plist.xml; path = Info.plist; sourceTree = "<group>"; };
		A0CD90782C88D55C00D772AE /* README.md */ = {isa = PBXFileReference; lastKnownFileType = net.daringfireball.markdown; path = README.md; sourceTree = "<group>"; };
		A0F29D862BA19F0C00E52F4D /* SideView.swift */ = {isa = PBXFileReference; lastKnownFileType = sourcecode.swift; path = SideView.swift; sourceTree = "<group>"; };
		A0F29D882BA1A23200E52F4D /* global_params.swift */ = {isa = PBXFileReference; lastKnownFileType = sourcecode.swift; path = global_params.swift; sourceTree = "<group>"; };
		A0F29D8C2BA2229E00E52F4D /* 🥽AppModel.swift */ = {isa = PBXFileReference; fileEncoding = 4; lastKnownFileType = sourcecode.swift; path = "🥽AppModel.swift"; sourceTree = "<group>"; };
		A0F29D8E2BA222A400E52F4D /* 🌐RealityView.swift */ = {isa = PBXFileReference; fileEncoding = 4; lastKnownFileType = sourcecode.swift; path = "🌐RealityView.swift"; sourceTree = "<group>"; };
		A0F29D902BA222A900E52F4D /* 🧑HeadTrackingSystem.swift */ = {isa = PBXFileReference; fileEncoding = 4; lastKnownFileType = sourcecode.swift; path = "🧑HeadTrackingSystem.swift"; sourceTree = "<group>"; };
		A0F29D922BA222AD00E52F4D /* 🧩Entity.swift */ = {isa = PBXFileReference; fileEncoding = 4; lastKnownFileType = sourcecode.swift; path = "🧩Entity.swift"; sourceTree = "<group>"; };
		A0F29D942BA222F100E52F4D /* 🛠️AboutPanel.swift */ = {isa = PBXFileReference; fileEncoding = 4; lastKnownFileType = sourcecode.swift; path = "🛠️AboutPanel.swift"; sourceTree = "<group>"; };
		A0F29D962BA222F400E52F4D /* 🛠️MenuTop.swift */ = {isa = PBXFileReference; fileEncoding = 4; lastKnownFileType = sourcecode.swift; path = "🛠️MenuTop.swift"; sourceTree = "<group>"; };
/* End PBXFileReference section */

/* Begin PBXFrameworksBuildPhase section */
		A0407C812B86BAFB000751BF /* Frameworks */ = {
			isa = PBXFrameworksBuildPhase;
			buildActionMask = 2147483647;
			files = (
				A0407C8A2B86BAFB000751BF /* RealityKitContent in Frameworks */,
			);
			runOnlyForDeploymentPostprocessing = 0;
		};
/* End PBXFrameworksBuildPhase section */

/* Begin PBXGroup section */
		A0407C7B2B86BAFB000751BF = {
			isa = PBXGroup;
			children = (
				A0CD90782C88D55C00D772AE /* README.md */,
				A0407C862B86BAFB000751BF /* vitals-test-display */,
				A0407C872B86BAFB000751BF /* Packages */,
				A0407C852B86BAFB000751BF /* Products */,
			);
			sourceTree = "<group>";
		};
		A0407C852B86BAFB000751BF /* Products */ = {
			isa = PBXGroup;
			children = (
				A0407C842B86BAFB000751BF /* vitals-test-display.app */,
			);
			name = Products;
			sourceTree = "<group>";
		};
		A0407C862B86BAFB000751BF /* vitals-test-display */ = {
			isa = PBXGroup;
			children = (
				A0407C8B2B86BAFB000751BF /* vitals_test_displayApp.swift */,
				A0F29D882BA1A23200E52F4D /* global_params.swift */,
				A0407C8D2B86BAFB000751BF /* ContentView.swift */,
				A0F29D862BA19F0C00E52F4D /* SideView.swift */,
				A0F29D8C2BA2229E00E52F4D /* 🥽AppModel.swift */,
				A0F29D8E2BA222A400E52F4D /* 🌐RealityView.swift */,
				A0F29D902BA222A900E52F4D /* 🧑HeadTrackingSystem.swift */,
				A0F29D922BA222AD00E52F4D /* 🧩Entity.swift */,
				A0F29D942BA222F100E52F4D /* 🛠️AboutPanel.swift */,
				A0F29D962BA222F400E52F4D /* 🛠️MenuTop.swift */,
				A0407C8F2B86BAFD000751BF /* Assets.xcassets */,
				A0407C942B86BAFD000751BF /* Info.plist */,
				A0407C912B86BAFD000751BF /* Preview Content */,
			);
			path = "vitals-test-display";
			sourceTree = "<group>";
		};
		A0407C872B86BAFB000751BF /* Packages */ = {
			isa = PBXGroup;
			children = (
				A0407C882B86BAFB000751BF /* RealityKitContent */,
			);
			path = Packages;
			sourceTree = "<group>";
		};
		A0407C912B86BAFD000751BF /* Preview Content */ = {
			isa = PBXGroup;
			children = (
				A0407C922B86BAFD000751BF /* Preview Assets.xcassets */,
			);
			path = "Preview Content";
			sourceTree = "<group>";
		};
/* End PBXGroup section */

/* Begin PBXNativeTarget section */
		A0407C832B86BAFB000751BF /* vitals-test-display */ = {
			isa = PBXNativeTarget;
			buildConfigurationList = A0407C972B86BAFD000751BF /* Build configuration list for PBXNativeTarget "vitals-test-display" */;
			buildPhases = (
				A0407C802B86BAFB000751BF /* Sources */,
				A0407C812B86BAFB000751BF /* Frameworks */,
				A0407C822B86BAFB000751BF /* Resources */,
			);
			buildRules = (
			);
			dependencies = (
			);
			name = "vitals-test-display";
			packageProductDependencies = (
				A0407C892B86BAFB000751BF /* RealityKitContent */,
			);
			productName = "vitals-test-display";
			productReference = A0407C842B86BAFB000751BF /* vitals-test-display.app */;
			productType = "com.apple.product-type.application";
		};
/* End PBXNativeTarget section */

/* Begin PBXProject section */
		A0407C7C2B86BAFB000751BF /* Project object */ = {
			isa = PBXProject;
			attributes = {
				BuildIndependentTargetsInParallel = 1;
				LastSwiftUpdateCheck = 1520;
				LastUpgradeCheck = 1520;
				TargetAttributes = {
					A0407C832B86BAFB000751BF = {
						CreatedOnToolsVersion = 15.2;
					};
				};
			};
			buildConfigurationList = A0407C7F2B86BAFB000751BF /* Build configuration list for PBXProject "vitals-test-display" */;
			compatibilityVersion = "Xcode 14.0";
			developmentRegion = en;
			hasScannedForEncodings = 0;
			knownRegions = (
				en,
				Base,
			);
			mainGroup = A0407C7B2B86BAFB000751BF;
			productRefGroup = A0407C852B86BAFB000751BF /* Products */;
			projectDirPath = "";
			projectRoot = "";
			targets = (
				A0407C832B86BAFB000751BF /* vitals-test-display */,
			);
		};
/* End PBXProject section */

/* Begin PBXResourcesBuildPhase section */
		A0407C822B86BAFB000751BF /* Resources */ = {
			isa = PBXResourcesBuildPhase;
			buildActionMask = 2147483647;
			files = (
				A0407C932B86BAFD000751BF /* Preview Assets.xcassets in Resources */,
				A0407C902B86BAFD000751BF /* Assets.xcassets in Resources */,
			);
			runOnlyForDeploymentPostprocessing = 0;
		};
/* End PBXResourcesBuildPhase section */

/* Begin PBXSourcesBuildPhase section */
		A0407C802B86BAFB000751BF /* Sources */ = {
			isa = PBXSourcesBuildPhase;
			buildActionMask = 2147483647;
			files = (
				A0F29D872BA19F0C00E52F4D /* SideView.swift in Sources */,
				A0407C8E2B86BAFB000751BF /* ContentView.swift in Sources */,
				A0F29D892BA1A23200E52F4D /* global_params.swift in Sources */,
				A0F29D8D2BA2229E00E52F4D /* 🥽AppModel.swift in Sources */,
				A0407C8C2B86BAFB000751BF /* vitals_test_displayApp.swift in Sources */,
				A0F29D932BA222AD00E52F4D /* 🧩Entity.swift in Sources */,
				A0F29D912BA222A900E52F4D /* 🧑HeadTrackingSystem.swift in Sources */,
				A0F29D972BA222F400E52F4D /* 🛠️MenuTop.swift in Sources */,
				A0F29D8F2BA222A400E52F4D /* 🌐RealityView.swift in Sources */,
				A0F29D952BA222F100E52F4D /* 🛠️AboutPanel.swift in Sources */,
			);
			runOnlyForDeploymentPostprocessing = 0;
		};
/* End PBXSourcesBuildPhase section */

/* Begin XCBuildConfiguration section */
		A0407C952B86BAFD000751BF /* Debug */ = {
			isa = XCBuildConfiguration;
			buildSettings = {
				ALWAYS_SEARCH_USER_PATHS = NO;
				ASSETCATALOG_COMPILER_GENERATE_SWIFT_ASSET_SYMBOL_EXTENSIONS = YES;
				CLANG_ANALYZER_NONNULL = YES;
				CLANG_ANALYZER_NUMBER_OBJECT_CONVERSION = YES_AGGRESSIVE;
				CLANG_CXX_LANGUAGE_STANDARD = "gnu++20";
				CLANG_ENABLE_MODULES = YES;
				CLANG_ENABLE_OBJC_ARC = YES;
				CLANG_ENABLE_OBJC_WEAK = YES;
				CLANG_WARN_BLOCK_CAPTURE_AUTORELEASING = YES;
				CLANG_WARN_BOOL_CONVERSION = YES;
				CLANG_WARN_COMMA = YES;
				CLANG_WARN_CONSTANT_CONVERSION = YES;
				CLANG_WARN_DEPRECATED_OBJC_IMPLEMENTATIONS = YES;
				CLANG_WARN_DIRECT_OBJC_ISA_USAGE = YES_ERROR;
				CLANG_WARN_DOCUMENTATION_COMMENTS = YES;
				CLANG_WARN_EMPTY_BODY = YES;
				CLANG_WARN_ENUM_CONVERSION = YES;
				CLANG_WARN_INFINITE_RECURSION = YES;
				CLANG_WARN_INT_CONVERSION = YES;
				CLANG_WARN_NON_LITERAL_NULL_CONVERSION = YES;
				CLANG_WARN_OBJC_IMPLICIT_RETAIN_SELF = YES;
				CLANG_WARN_OBJC_LITERAL_CONVERSION = YES;
				CLANG_WARN_OBJC_ROOT_CLASS = YES_ERROR;
				CLANG_WARN_QUOTED_INCLUDE_IN_FRAMEWORK_HEADER = YES;
				CLANG_WARN_RANGE_LOOP_ANALYSIS = YES;
				CLANG_WARN_STRICT_PROTOTYPES = YES;
				CLANG_WARN_SUSPICIOUS_MOVE = YES;
				CLANG_WARN_UNGUARDED_AVAILABILITY = YES_AGGRESSIVE;
				CLANG_WARN_UNREACHABLE_CODE = YES;
				CLANG_WARN__DUPLICATE_METHOD_MATCH = YES;
				COPY_PHASE_STRIP = NO;
				DEBUG_INFORMATION_FORMAT = dwarf;
				ENABLE_STRICT_OBJC_MSGSEND = YES;
				ENABLE_TESTABILITY = YES;
				ENABLE_USER_SCRIPT_SANDBOXING = YES;
				GCC_C_LANGUAGE_STANDARD = gnu17;
				GCC_DYNAMIC_NO_PIC = NO;
				GCC_NO_COMMON_BLOCKS = YES;
				GCC_OPTIMIZATION_LEVEL = 0;
				GCC_PREPROCESSOR_DEFINITIONS = (
					"DEBUG=1",
					"$(inherited)",
				);
				GCC_WARN_64_TO_32_BIT_CONVERSION = YES;
				GCC_WARN_ABOUT_RETURN_TYPE = YES_ERROR;
				GCC_WARN_UNDECLARED_SELECTOR = YES;
				GCC_WARN_UNINITIALIZED_AUTOS = YES_AGGRESSIVE;
				GCC_WARN_UNUSED_FUNCTION = YES;
				GCC_WARN_UNUSED_VARIABLE = YES;
				LOCALIZATION_PREFERS_STRING_CATALOGS = YES;
				MTL_ENABLE_DEBUG_INFO = INCLUDE_SOURCE;
				MTL_FAST_MATH = YES;
				ONLY_ACTIVE_ARCH = YES;
				SDKROOT = xros;
				SWIFT_ACTIVE_COMPILATION_CONDITIONS = "DEBUG $(inherited)";
				SWIFT_OPTIMIZATION_LEVEL = "-Onone";
				XROS_DEPLOYMENT_TARGET = 1.0;
			};
			name = Debug;
		};
		A0407C962B86BAFD000751BF /* Release */ = {
			isa = XCBuildConfiguration;
			buildSettings = {
				ALWAYS_SEARCH_USER_PATHS = NO;
				ASSETCATALOG_COMPILER_GENERATE_SWIFT_ASSET_SYMBOL_EXTENSIONS = YES;
				CLANG_ANALYZER_NONNULL = YES;
				CLANG_ANALYZER_NUMBER_OBJECT_CONVERSION = YES_AGGRESSIVE;
				CLANG_CXX_LANGUAGE_STANDARD = "gnu++20";
				CLANG_ENABLE_MODULES = YES;
				CLANG_ENABLE_OBJC_ARC = YES;
				CLANG_ENABLE_OBJC_WEAK = YES;
				CLANG_WARN_BLOCK_CAPTURE_AUTORELEASING = YES;
				CLANG_WARN_BOOL_CONVERSION = YES;
				CLANG_WARN_COMMA = YES;
				CLANG_WARN_CONSTANT_CONVERSION = YES;
				CLANG_WARN_DEPRECATED_OBJC_IMPLEMENTATIONS = YES;
				CLANG_WARN_DIRECT_OBJC_ISA_USAGE = YES_ERROR;
				CLANG_WARN_DOCUMENTATION_COMMENTS = YES;
				CLANG_WARN_EMPTY_BODY = YES;
				CLANG_WARN_ENUM_CONVERSION = YES;
				CLANG_WARN_INFINITE_RECURSION = YES;
				CLANG_WARN_INT_CONVERSION = YES;
				CLANG_WARN_NON_LITERAL_NULL_CONVERSION = YES;
				CLANG_WARN_OBJC_IMPLICIT_RETAIN_SELF = YES;
				CLANG_WARN_OBJC_LITERAL_CONVERSION = YES;
				CLANG_WARN_OBJC_ROOT_CLASS = YES_ERROR;
				CLANG_WARN_QUOTED_INCLUDE_IN_FRAMEWORK_HEADER = YES;
				CLANG_WARN_RANGE_LOOP_ANALYSIS = YES;
				CLANG_WARN_STRICT_PROTOTYPES = YES;
				CLANG_WARN_SUSPICIOUS_MOVE = YES;
				CLANG_WARN_UNGUARDED_AVAILABILITY = YES_AGGRESSIVE;
				CLANG_WARN_UNREACHABLE_CODE = YES;
				CLANG_WARN__DUPLICATE_METHOD_MATCH = YES;
				COPY_PHASE_STRIP = NO;
				DEBUG_INFORMATION_FORMAT = "dwarf-with-dsym";
				ENABLE_NS_ASSERTIONS = NO;
				ENABLE_STRICT_OBJC_MSGSEND = YES;
				ENABLE_USER_SCRIPT_SANDBOXING = YES;
				GCC_C_LANGUAGE_STANDARD = gnu17;
				GCC_NO_COMMON_BLOCKS = YES;
				GCC_WARN_64_TO_32_BIT_CONVERSION = YES;
				GCC_WARN_ABOUT_RETURN_TYPE = YES_ERROR;
				GCC_WARN_UNDECLARED_SELECTOR = YES;
				GCC_WARN_UNINITIALIZED_AUTOS = YES_AGGRESSIVE;
				GCC_WARN_UNUSED_FUNCTION = YES;
				GCC_WARN_UNUSED_VARIABLE = YES;
				LOCALIZATION_PREFERS_STRING_CATALOGS = YES;
				MTL_ENABLE_DEBUG_INFO = NO;
				MTL_FAST_MATH = YES;
				SDKROOT = xros;
				SWIFT_COMPILATION_MODE = wholemodule;
				VALIDATE_PRODUCT = YES;
				XROS_DEPLOYMENT_TARGET = 1.0;
			};
			name = Release;
		};
		A0407C982B86BAFD000751BF /* Debug */ = {
			isa = XCBuildConfiguration;
			buildSettings = {
				ASSETCATALOG_COMPILER_APPICON_NAME = AppIcon;
				ASSETCATALOG_COMPILER_GLOBAL_ACCENT_COLOR_NAME = AccentColor;
				CODE_SIGN_STYLE = Automatic;
				CURRENT_PROJECT_VERSION = 1;
				DEVELOPMENT_ASSET_PATHS = "\"vitals-test-display/Preview Content\"";
				DEVELOPMENT_TEAM = VYKCAP35JL;
				ENABLE_PREVIEWS = YES;
				GENERATE_INFOPLIST_FILE = YES;
				INFOPLIST_FILE = "$(TARGET_NAME)/Info.plist";
				LD_RUNPATH_SEARCH_PATHS = (
					"$(inherited)",
					"@executable_path/Frameworks",
				);
				MARKETING_VERSION = 1.0;
				PRODUCT_BUNDLE_IDENTIFIER = "zxlwang.vitals-test-display";
				PRODUCT_NAME = "$(TARGET_NAME)";
				SUPPORTED_PLATFORMS = "xros xrsimulator";
				SWIFT_EMIT_LOC_STRINGS = YES;
				SWIFT_VERSION = 5.0;
				TARGETED_DEVICE_FAMILY = "1,2,7";
			};
			name = Debug;
		};
		A0407C992B86BAFD000751BF /* Release */ = {
			isa = XCBuildConfiguration;
			buildSettings = {
				ASSETCATALOG_COMPILER_APPICON_NAME = AppIcon;
				ASSETCATALOG_COMPILER_GLOBAL_ACCENT_COLOR_NAME = AccentColor;
				CODE_SIGN_STYLE = Automatic;
				CURRENT_PROJECT_VERSION = 1;
				DEVELOPMENT_ASSET_PATHS = "\"vitals-test-display/Preview Content\"";
				DEVELOPMENT_TEAM = VYKCAP35JL;
				ENABLE_PREVIEWS = YES;
				GENERATE_INFOPLIST_FILE = YES;
				INFOPLIST_FILE = "$(TARGET_NAME)/Info.plist";
				LD_RUNPATH_SEARCH_PATHS = (
					"$(inherited)",
					"@executable_path/Frameworks",
				);
				MARKETING_VERSION = 1.0;
				PRODUCT_BUNDLE_IDENTIFIER = "zxlwang.vitals-test-display";
				PRODUCT_NAME = "$(TARGET_NAME)";
				SUPPORTED_PLATFORMS = "xros xrsimulator";
				SWIFT_EMIT_LOC_STRINGS = YES;
				SWIFT_VERSION = 5.0;
				TARGETED_DEVICE_FAMILY = "1,2,7";
			};
			name = Release;
		};
/* End XCBuildConfiguration section */

/* Begin XCConfigurationList section */
		A0407C7F2B86BAFB000751BF /* Build configuration list for PBXProject "vitals-test-display" */ = {
			isa = XCConfigurationList;
			buildConfigurations = (
				A0407C952B86BAFD000751BF /* Debug */,
				A0407C962B86BAFD000751BF /* Release */,
			);
			defaultConfigurationIsVisible = 0;
			defaultConfigurationName = Release;
		};
		A0407C972B86BAFD000751BF /* Build configuration list for PBXNativeTarget "vitals-test-display" */ = {
			isa = XCConfigurationList;
			buildConfigurations = (
				A0407C982B86BAFD000751BF /* Debug */,
				A0407C992B86BAFD000751BF /* Release */,
			);
			defaultConfigurationIsVisible = 0;
			defaultConfigurationName = Release;
		};
/* End XCConfigurationList section */

/* Begin XCSwiftPackageProductDependency section */
		A0407C892B86BAFB000751BF /* RealityKitContent */ = {
			isa = XCSwiftPackageProductDependency;
			productName = RealityKitContent;
		};
/* End XCSwiftPackageProductDependency section */
	};
	rootObject = A0407C7C2B86BAFB000751BF /* Project object */;
}
